
Microsoft Visual Studio Solution File, Format Version 12.00
# Visual Studio Version 16
VisualStudioVersion = 16.0.31613.86
MinimumVisualStudioVersion = 10.0.40219.1
Project("{FAE04EC0-301F-11D3-BF4B-00C04F79EFBC}") = "SiparisOtomasyon", "SiparisOtomasyon\SiparisOtomasyon.csproj", "{625E2478-A137-433A-959D-57CF2219A901}"
EndProject
Global
	GlobalSection(SolutionConfigurationPlatforms) = preSolution
		Debug|Any CPU = Debug|Any CPU
		Release|Any CPU = Release|Any CPU
	EndGlobalSection
	GlobalSection(ProjectConfigurationPlatforms) = postSolution
		{625E2478-A137-433A-959D-57CF2219A901}.Debug|Any CPU.ActiveCfg = Debug|Any CPU
		{625E2478-A137-433A-959D-57CF2219A901}.Debug|Any CPU.Build.0 = Debug|Any CPU
		{625E2478-A137-433A-959D-57CF2219A901}.Release|Any CPU.ActiveCfg = Release|Any CPU
		{625E2478-A137-433A-959D-57CF2219A901}.Release|Any CPU.Build.0 = Release|Any CPU
	EndGlobalSection
	GlobalSection(SolutionProperties) = preSolution
		HideSolutionNode = FALSE
	EndGlobalSection
	GlobalSection(ExtensibilityGlobals) = postSolution
		SolutionGuid = {9A03B4BE-2D00-4DA9-B877-127F05073F36}
	EndGlobalSection
EndGlobal
